
Microsoft Visual Studio Solution File, Format Version 12.00
# Visual Studio Version 17
VisualStudioVersion = 17.8.34511.84
MinimumVisualStudioVersion = 10.0.40219.1
Project("{9A19103F-16F7-4668-BE54-9A1E7A4F7556}") = "GravyBoat", "GravyBoat\GravyBoat.csproj", "{860B74E1-79DA-4642-804F-52B38686B6B2}"
	ProjectSection(ProjectDependencies) = postProject
		{BA020A1C-0AEC-481C-9354-8AE67F14DE9F} = {BA020A1C-0AEC-481C-9354-8AE67F14DE9F}
	EndProjectSection
EndProject
Project("{9A19103F-16F7-4668-BE54-9A1E7A4F7556}") = "GravyGranules", "GravyGranules\GravyGranules.csproj", "{BA020A1C-0AEC-481C-9354-8AE67F14DE9F}"
EndProject
Global
	GlobalSection(SolutionConfigurationPlatforms) = preSolution
		Debug|Any CPU = Debug|Any CPU
		Release|Any CPU = Release|Any CPU
	EndGlobalSection
	GlobalSection(ProjectConfigurationPlatforms) = postSolution
		{860B74E1-79DA-4642-804F-52B38686B6B2}.Debug|Any CPU.ActiveCfg = Debug|Any CPU
		{860B74E1-79DA-4642-804F-52B38686B6B2}.Debug|Any CPU.Build.0 = Debug|Any CPU
		{860B74E1-79DA-4642-804F-52B38686B6B2}.Release|Any CPU.ActiveCfg = Release|Any CPU
		{860B74E1-79DA-4642-804F-52B38686B6B2}.Release|Any CPU.Build.0 = Release|Any CPU
		{BA020A1C-0AEC-481C-9354-8AE67F14DE9F}.Debug|Any CPU.ActiveCfg = Debug|Any CPU
		{BA020A1C-0AEC-481C-9354-8AE67F14DE9F}.Debug|Any CPU.Build.0 = Debug|Any CPU
		{BA020A1C-0AEC-481C-9354-8AE67F14DE9F}.Release|Any CPU.ActiveCfg = Release|Any CPU
		{BA020A1C-0AEC-481C-9354-8AE67F14DE9F}.Release|Any CPU.Build.0 = Release|Any CPU
	EndGlobalSection
	GlobalSection(SolutionProperties) = preSolution
		HideSolutionNode = FALSE
	EndGlobalSection
	GlobalSection(ExtensibilityGlobals) = postSolution
		SolutionGuid = {275F96D7-5AB7-4F28-9E56-15024DF34519}
	EndGlobalSection
EndGlobal
